
Microsoft Visual Studio Solution File, Format Version 12.00
# Visual Studio Version 17
VisualStudioVersion = 17.0.31903.59
MinimumVisualStudioVersion = 10.0.40219.1
Project("{2150E333-8FDC-42A3-9474-1A3956D46DE8}") = "src", "src", "{827E0CD3-B72D-47B6-A68D-7590B98EB39B}"
EndProject
Project("{FAE04EC0-301F-11D3-BF4B-00C04F79EFBC}") = "FourSaas.AutoUpdater.Cli", "src\FourSaas.AutoUpdater.Cli\FourSaas.AutoUpdater.Cli.csproj", "{47298D3F-301B-472C-85BF-0A1A186744F2}"
EndProject
Project("{FAE04EC0-301F-11D3-BF4B-00C04F79EFBC}") = "FourSaas.AutoUpdater.Core", "src\FourSaas.AutoUpdater.Core\FourSaas.AutoUpdater.Core.csproj", "{97092A5F-FA68-4099-AAC8-8F1472E41619}"
EndProject
Project("{FAE04EC0-301F-11D3-BF4B-00C04F79EFBC}") = "FourSaas.AutoUpdater.Client", "src\FourSaas.AutoUpdater.Client\FourSaas.AutoUpdater.Client.csproj", "{217720D1-FF09-4AC5-B25C-E016D61B22AE}"
EndProject
Project("{FAE04EC0-301F-11D3-BF4B-00C04F79EFBC}") = "FourSaas.AutoUpdater.Storage", "src\FourSaas.AutoUpdater.Storage\FourSaas.AutoUpdater.Storage.csproj", "{6CAFED6B-8E7A-4AC4-84DC-7A2AA2C43891}"
EndProject
Project("{FAE04EC0-301F-11D3-BF4B-00C04F79EFBC}") = "FourSaas.AutoUpdater.Repository", "src\FourSaas.AutoUpdater.Repository\FourSaas.AutoUpdater.Repository.csproj", "{356CC608-8600-4D34-9BCB-E722E28B0318}"
EndProject
Project("{FAE04EC0-301F-11D3-BF4B-00C04F79EFBC}") = "FourSaas.AutoUpdater.Storage.Local", "src\FourSaas.AutoUpdater.Storage.Local\FourSaas.AutoUpdater.Storage.Local.csproj", "{08CE57F8-667A-46FD-AA9C-96A286BBF247}"
EndProject
Project("{FAE04EC0-301F-11D3-BF4B-00C04F79EFBC}") = "FourSaas.AutoUpdater.Storage.Http", "src\FourSaas.AutoUpdater.Storage.Http\FourSaas.AutoUpdater.Storage.Http.csproj", "{D896A0BC-0C3B-42D3-8C05-A4FA0CB4603A}"
EndProject
Project("{FAE04EC0-301F-11D3-BF4B-00C04F79EFBC}") = "FourSaas.AutoUpdater.Client.Windows", "src\FourSaas.AutoUpdater.Client.Windows\FourSaas.AutoUpdater.Client.Windows.csproj", "{E9E4EFDE-F361-423D-80EC-1B3A181D2A73}"
EndProject
Project("{FAE04EC0-301F-11D3-BF4B-00C04F79EFBC}") = "FourSaas.AutoUpdater.Gateway", "src\FourSaas.AutoUpdater.Gateway\FourSaas.AutoUpdater.Gateway.csproj", "{26902195-DC3C-4F87-86C2-EC49AF97AF32}"
EndProject
Project("{FAE04EC0-301F-11D3-BF4B-00C04F79EFBC}") = "FourSaas.AutoUpdater.Publishing", "src\FourSaas.AutoUpdater.Publishing\FourSaas.AutoUpdater.Publishing.csproj", "{6A2E8766-A74D-4867-9B63-F32A7DD0921D}"
EndProject
Project("{FAE04EC0-301F-11D3-BF4B-00C04F79EFBC}") = "FourSaas.AutoUpdater.Server", "src\FourSaas.AutoUpdater.Server\FourSaas.AutoUpdater.Server.csproj", "{B5C786AD-505E-4D0B-BD15-676BF0FF21F4}"
EndProject
Project("{FAE04EC0-301F-11D3-BF4B-00C04F79EFBC}") = "FourSaas.AutoUpdater.Storage.Brokering", "src\FourSaas.AutoUpdater.Storage.Brokering\FourSaas.AutoUpdater.Storage.Brokering.csproj", "{84CC59A6-285A-49B5-A75F-2EF45AB7E3C2}"
EndProject
Project("{FAE04EC0-301F-11D3-BF4B-00C04F79EFBC}") = "FourSaas.AutoUpdater.Storage.Ftp", "src\FourSaas.AutoUpdater.Storage.Ftp\FourSaas.AutoUpdater.Storage.Ftp.csproj", "{DEC5A758-3A2C-433A-BD37-2ED9BAF7996E}"
EndProject
Project("{FAE04EC0-301F-11D3-BF4B-00C04F79EFBC}") = "FourSaas.AutoUpdater.Storage.Memory", "src\FourSaas.AutoUpdater.Storage.Memory\FourSaas.AutoUpdater.Storage.Memory.csproj", "{170A7A33-318A-45B1-8D20-CB122EA8D503}"
EndProject
Project("{FAE04EC0-301F-11D3-BF4B-00C04F79EFBC}") = "FourSaas.AutoUpdater.Storage.S3", "src\FourSaas.AutoUpdater.Storage.S3\FourSaas.AutoUpdater.Storage.S3.csproj", "{0180A1BA-29CC-4232-8D68-1DE2FD651685}"
EndProject
Project("{2150E333-8FDC-42A3-9474-1A3956D46DE8}") = "tests", "tests", "{0AB3BF05-4346-4AA6-1389-037BE0695223}"
EndProject
Project("{FAE04EC0-301F-11D3-BF4B-00C04F79EFBC}") = "FourSaas.AutoUpdater.Client.Tests", "tests\FourSaas.AutoUpdater.Client.Tests\FourSaas.AutoUpdater.Client.Tests.csproj", "{42A05290-5818-482C-96F4-6D89D9793FF9}"
EndProject
Project("{FAE04EC0-301F-11D3-BF4B-00C04F79EFBC}") = "FourSaas.AutoUpdater.Core.Tests", "tests\FourSaas.AutoUpdater.Core.Tests\FourSaas.AutoUpdater.Core.Tests.csproj", "{9200D81A-501F-4C5A-A294-A828264A9A71}"
EndProject
Project("{FAE04EC0-301F-11D3-BF4B-00C04F79EFBC}") = "FourSaas.AutoUpdater.Publishing.Tests", "tests\FourSaas.AutoUpdater.Publishing.Tests\FourSaas.AutoUpdater.Publishing.Tests.csproj", "{C6FD3A60-5E84-432E-884D-28319E677F1C}"
EndProject
Project("{FAE04EC0-301F-11D3-BF4B-00C04F79EFBC}") = "FourSaas.AutoUpdater.Storage.S3.Tests", "tests\FourSaas.AutoUpdater.Storage.S3.Tests\FourSaas.AutoUpdater.Storage.S3.Tests.csproj", "{A046F15C-93C3-48C7-83EA-B77C58A7B66E}"
EndProject
Project("{FAE04EC0-301F-11D3-BF4B-00C04F79EFBC}") = "FourSaas.AutoUpdater.Storage.Tests", "tests\FourSaas.AutoUpdater.Storage.Tests\FourSaas.AutoUpdater.Storage.Tests.csproj", "{958B657F-64DF-4D53-84DD-3788A3A1EF06}"
EndProject
Global
	GlobalSection(SolutionConfigurationPlatforms) = preSolution
		Debug|Any CPU = Debug|Any CPU
		Debug|x64 = Debug|x64
		Debug|x86 = Debug|x86
		Release|Any CPU = Release|Any CPU
		Release|x64 = Release|x64
		Release|x86 = Release|x86
	EndGlobalSection
	GlobalSection(ProjectConfigurationPlatforms) = postSolution
		{47298D3F-301B-472C-85BF-0A1A186744F2}.Debug|Any CPU.ActiveCfg = Debug|Any CPU
		{47298D3F-301B-472C-85BF-0A1A186744F2}.Debug|Any CPU.Build.0 = Debug|Any CPU
		{47298D3F-301B-472C-85BF-0A1A186744F2}.Debug|x64.ActiveCfg = Debug|Any CPU
		{47298D3F-301B-472C-85BF-0A1A186744F2}.Debug|x64.Build.0 = Debug|Any CPU
		{47298D3F-301B-472C-85BF-0A1A186744F2}.Debug|x86.ActiveCfg = Debug|Any CPU
		{47298D3F-301B-472C-85BF-0A1A186744F2}.Debug|x86.Build.0 = Debug|Any CPU
		{47298D3F-301B-472C-85BF-0A1A186744F2}.Release|Any CPU.ActiveCfg = Release|Any CPU
		{47298D3F-301B-472C-85BF-0A1A186744F2}.Release|Any CPU.Build.0 = Release|Any CPU
		{47298D3F-301B-472C-85BF-0A1A186744F2}.Release|x64.ActiveCfg = Release|Any CPU
		{47298D3F-301B-472C-85BF-0A1A186744F2}.Release|x64.Build.0 = Release|Any CPU
		{47298D3F-301B-472C-85BF-0A1A186744F2}.Release|x86.ActiveCfg = Release|Any CPU
		{47298D3F-301B-472C-85BF-0A1A186744F2}.Release|x86.Build.0 = Release|Any CPU
		{97092A5F-FA68-4099-AAC8-8F1472E41619}.Debug|Any CPU.ActiveCfg = Debug|Any CPU
		{97092A5F-FA68-4099-AAC8-8F1472E41619}.Debug|Any CPU.Build.0 = Debug|Any CPU
		{97092A5F-FA68-4099-AAC8-8F1472E41619}.Debug|x64.ActiveCfg = Debug|Any CPU
		{97092A5F-FA68-4099-AAC8-8F1472E41619}.Debug|x64.Build.0 = Debug|Any CPU
		{97092A5F-FA68-4099-AAC8-8F1472E41619}.Debug|x86.ActiveCfg = Debug|Any CPU
		{97092A5F-FA68-4099-AAC8-8F1472E41619}.Debug|x86.Build.0 = Debug|Any CPU
		{97092A5F-FA68-4099-AAC8-8F1472E41619}.Release|Any CPU.ActiveCfg = Release|Any CPU
		{97092A5F-FA68-4099-AAC8-8F1472E41619}.Release|Any CPU.Build.0 = Release|Any CPU
		{97092A5F-FA68-4099-AAC8-8F1472E41619}.Release|x64.ActiveCfg = Release|Any CPU
		{97092A5F-FA68-4099-AAC8-8F1472E41619}.Release|x64.Build.0 = Release|Any CPU
		{97092A5F-FA68-4099-AAC8-8F1472E41619}.Release|x86.ActiveCfg = Release|Any CPU
		{97092A5F-FA68-4099-AAC8-8F1472E41619}.Release|x86.Build.0 = Release|Any CPU
		{217720D1-FF09-4AC5-B25C-E016D61B22AE}.Debug|Any CPU.ActiveCfg = Debug|Any CPU
		{217720D1-FF09-4AC5-B25C-E016D61B22AE}.Debug|Any CPU.Build.0 = Debug|Any CPU
		{217720D1-FF09-4AC5-B25C-E016D61B22AE}.Debug|x64.ActiveCfg = Debug|Any CPU
		{217720D1-FF09-4AC5-B25C-E016D61B22AE}.Debug|x64.Build.0 = Debug|Any CPU
		{217720D1-FF09-4AC5-B25C-E016D61B22AE}.Debug|x86.ActiveCfg = Debug|Any CPU
		{217720D1-FF09-4AC5-B25C-E016D61B22AE}.Debug|x86.Build.0 = Debug|Any CPU
		{217720D1-FF09-4AC5-B25C-E016D61B22AE}.Release|Any CPU.ActiveCfg = Release|Any CPU
		{217720D1-FF09-4AC5-B25C-E016D61B22AE}.Release|Any CPU.Build.0 = Release|Any CPU
		{217720D1-FF09-4AC5-B25C-E016D61B22AE}.Release|x64.ActiveCfg = Release|Any CPU
		{217720D1-FF09-4AC5-B25C-E016D61B22AE}.Release|x64.Build.0 = Release|Any CPU
		{217720D1-FF09-4AC5-B25C-E016D61B22AE}.Release|x86.ActiveCfg = Release|Any CPU
		{217720D1-FF09-4AC5-B25C-E016D61B22AE}.Release|x86.Build.0 = Release|Any CPU
		{6CAFED6B-8E7A-4AC4-84DC-7A2AA2C43891}.Debug|Any CPU.ActiveCfg = Debug|Any CPU
		{6CAFED6B-8E7A-4AC4-84DC-7A2AA2C43891}.Debug|Any CPU.Build.0 = Debug|Any CPU
		{6CAFED6B-8E7A-4AC4-84DC-7A2AA2C43891}.Debug|x64.ActiveCfg = Debug|Any CPU
		{6CAFED6B-8E7A-4AC4-84DC-7A2AA2C43891}.Debug|x64.Build.0 = Debug|Any CPU
		{6CAFED6B-8E7A-4AC4-84DC-7A2AA2C43891}.Debug|x86.ActiveCfg = Debug|Any CPU
		{6CAFED6B-8E7A-4AC4-84DC-7A2AA2C43891}.Debug|x86.Build.0 = Debug|Any CPU
		{6CAFED6B-8E7A-4AC4-84DC-7A2AA2C43891}.Release|Any CPU.ActiveCfg = Release|Any CPU
		{6CAFED6B-8E7A-4AC4-84DC-7A2AA2C43891}.Release|Any CPU.Build.0 = Release|Any CPU
		{6CAFED6B-8E7A-4AC4-84DC-7A2AA2C43891}.Release|x64.ActiveCfg = Release|Any CPU
		{6CAFED6B-8E7A-4AC4-84DC-7A2AA2C43891}.Release|x64.Build.0 = Release|Any CPU
		{6CAFED6B-8E7A-4AC4-84DC-7A2AA2C43891}.Release|x86.ActiveCfg = Release|Any CPU
		{6CAFED6B-8E7A-4AC4-84DC-7A2AA2C43891}.Release|x86.Build.0 = Release|Any CPU
		{356CC608-8600-4D34-9BCB-E722E28B0318}.Debug|Any CPU.ActiveCfg = Debug|Any CPU
		{356CC608-8600-4D34-9BCB-E722E28B0318}.Debug|Any CPU.Build.0 = Debug|Any CPU
		{356CC608-8600-4D34-9BCB-E722E28B0318}.Debug|x64.ActiveCfg = Debug|Any CPU
		{356CC608-8600-4D34-9BCB-E722E28B0318}.Debug|x64.Build.0 = Debug|Any CPU
		{356CC608-8600-4D34-9BCB-E722E28B0318}.Debug|x86.ActiveCfg = Debug|Any CPU
		{356CC608-8600-4D34-9BCB-E722E28B0318}.Debug|x86.Build.0 = Debug|Any CPU
		{356CC608-8600-4D34-9BCB-E722E28B0318}.Release|Any CPU.ActiveCfg = Release|Any CPU
		{356CC608-8600-4D34-9BCB-E722E28B0318}.Release|Any CPU.Build.0 = Release|Any CPU
		{356CC608-8600-4D34-9BCB-E722E28B0318}.Release|x64.ActiveCfg = Release|Any CPU
		{356CC608-8600-4D34-9BCB-E722E28B0318}.Release|x64.Build.0 = Release|Any CPU
		{356CC608-8600-4D34-9BCB-E722E28B0318}.Release|x86.ActiveCfg = Release|Any CPU
		{356CC608-8600-4D34-9BCB-E722E28B0318}.Release|x86.Build.0 = Release|Any CPU
		{08CE57F8-667A-46FD-AA9C-96A286BBF247}.Debug|Any CPU.ActiveCfg = Debug|Any CPU
		{08CE57F8-667A-46FD-AA9C-96A286BBF247}.Debug|Any CPU.Build.0 = Debug|Any CPU
		{08CE57F8-667A-46FD-AA9C-96A286BBF247}.Debug|x64.ActiveCfg = Debug|Any CPU
		{08CE57F8-667A-46FD-AA9C-96A286BBF247}.Debug|x64.Build.0 = Debug|Any CPU
		{08CE57F8-667A-46FD-AA9C-96A286BBF247}.Debug|x86.ActiveCfg = Debug|Any CPU
		{08CE57F8-667A-46FD-AA9C-96A286BBF247}.Debug|x86.Build.0 = Debug|Any CPU
		{08CE57F8-667A-46FD-AA9C-96A286BBF247}.Release|Any CPU.ActiveCfg = Release|Any CPU
		{08CE57F8-667A-46FD-AA9C-96A286BBF247}.Release|Any CPU.Build.0 = Release|Any CPU
		{08CE57F8-667A-46FD-AA9C-96A286BBF247}.Release|x64.ActiveCfg = Release|Any CPU
		{08CE57F8-667A-46FD-AA9C-96A286BBF247}.Release|x64.Build.0 = Release|Any CPU
		{08CE57F8-667A-46FD-AA9C-96A286BBF247}.Release|x86.ActiveCfg = Release|Any CPU
		{08CE57F8-667A-46FD-AA9C-96A286BBF247}.Release|x86.Build.0 = Release|Any CPU
		{D896A0BC-0C3B-42D3-8C05-A4FA0CB4603A}.Debug|Any CPU.ActiveCfg = Debug|Any CPU
		{D896A0BC-0C3B-42D3-8C05-A4FA0CB4603A}.Debug|Any CPU.Build.0 = Debug|Any CPU
		{D896A0BC-0C3B-42D3-8C05-A4FA0CB4603A}.Debug|x64.ActiveCfg = Debug|Any CPU
		{D896A0BC-0C3B-42D3-8C05-A4FA0CB4603A}.Debug|x64.Build.0 = Debug|Any CPU
		{D896A0BC-0C3B-42D3-8C05-A4FA0CB4603A}.Debug|x86.ActiveCfg = Debug|Any CPU
		{D896A0BC-0C3B-42D3-8C05-A4FA0CB4603A}.Debug|x86.Build.0 = Debug|Any CPU
		{D896A0BC-0C3B-42D3-8C05-A4FA0CB4603A}.Release|Any CPU.ActiveCfg = Release|Any CPU
		{D896A0BC-0C3B-42D3-8C05-A4FA0CB4603A}.Release|Any CPU.Build.0 = Release|Any CPU
		{D896A0BC-0C3B-42D3-8C05-A4FA0CB4603A}.Release|x64.ActiveCfg = Release|Any CPU
		{D896A0BC-0C3B-42D3-8C05-A4FA0CB4603A}.Release|x64.Build.0 = Release|Any CPU
		{D896A0BC-0C3B-42D3-8C05-A4FA0CB4603A}.Release|x86.ActiveCfg = Release|Any CPU
		{D896A0BC-0C3B-42D3-8C05-A4FA0CB4603A}.Release|x86.Build.0 = Release|Any CPU
		{E9E4EFDE-F361-423D-80EC-1B3A181D2A73}.Debug|Any CPU.ActiveCfg = Debug|Any CPU
		{E9E4EFDE-F361-423D-80EC-1B3A181D2A73}.Debug|Any CPU.Build.0 = Debug|Any CPU
		{E9E4EFDE-F361-423D-80EC-1B3A181D2A73}.Debug|x64.ActiveCfg = Debug|Any CPU
		{E9E4EFDE-F361-423D-80EC-1B3A181D2A73}.Debug|x64.Build.0 = Debug|Any CPU
		{E9E4EFDE-F361-423D-80EC-1B3A181D2A73}.Debug|x86.ActiveCfg = Debug|Any CPU
		{E9E4EFDE-F361-423D-80EC-1B3A181D2A73}.Debug|x86.Build.0 = Debug|Any CPU
		{E9E4EFDE-F361-423D-80EC-1B3A181D2A73}.Release|Any CPU.ActiveCfg = Release|Any CPU
		{E9E4EFDE-F361-423D-80EC-1B3A181D2A73}.Release|Any CPU.Build.0 = Release|Any CPU
		{E9E4EFDE-F361-423D-80EC-1B3A181D2A73}.Release|x64.ActiveCfg = Release|Any CPU
		{E9E4EFDE-F361-423D-80EC-1B3A181D2A73}.Release|x64.Build.0 = Release|Any CPU
		{E9E4EFDE-F361-423D-80EC-1B3A181D2A73}.Release|x86.ActiveCfg = Release|Any CPU
		{E9E4EFDE-F361-423D-80EC-1B3A181D2A73}.Release|x86.Build.0 = Release|Any CPU
		{26902195-DC3C-4F87-86C2-EC49AF97AF32}.Debug|Any CPU.ActiveCfg = Debug|Any CPU
		{26902195-DC3C-4F87-86C2-EC49AF97AF32}.Debug|Any CPU.Build.0 = Debug|Any CPU
		{26902195-DC3C-4F87-86C2-EC49AF97AF32}.Debug|x64.ActiveCfg = Debug|Any CPU
		{26902195-DC3C-4F87-86C2-EC49AF97AF32}.Debug|x64.Build.0 = Debug|Any CPU
		{26902195-DC3C-4F87-86C2-EC49AF97AF32}.Debug|x86.ActiveCfg = Debug|Any CPU
		{26902195-DC3C-4F87-86C2-EC49AF97AF32}.Debug|x86.Build.0 = Debug|Any CPU
		{26902195-DC3C-4F87-86C2-EC49AF97AF32}.Release|Any CPU.ActiveCfg = Release|Any CPU
		{26902195-DC3C-4F87-86C2-EC49AF97AF32}.Release|Any CPU.Build.0 = Release|Any CPU
		{26902195-DC3C-4F87-86C2-EC49AF97AF32}.Release|x64.ActiveCfg = Release|Any CPU
		{26902195-DC3C-4F87-86C2-EC49AF97AF32}.Release|x64.Build.0 = Release|Any CPU
		{26902195-DC3C-4F87-86C2-EC49AF97AF32}.Release|x86.ActiveCfg = Release|Any CPU
		{26902195-DC3C-4F87-86C2-EC49AF97AF32}.Release|x86.Build.0 = Release|Any CPU
		{6A2E8766-A74D-4867-9B63-F32A7DD0921D}.Debug|Any CPU.ActiveCfg = Debug|Any CPU
		{6A2E8766-A74D-4867-9B63-F32A7DD0921D}.Debug|Any CPU.Build.0 = Debug|Any CPU
		{6A2E8766-A74D-4867-9B63-F32A7DD0921D}.Debug|x64.ActiveCfg = Debug|Any CPU
		{6A2E8766-A74D-4867-9B63-F32A7DD0921D}.Debug|x64.Build.0 = Debug|Any CPU
		{6A2E8766-A74D-4867-9B63-F32A7DD0921D}.Debug|x86.ActiveCfg = Debug|Any CPU
		{6A2E8766-A74D-4867-9B63-F32A7DD0921D}.Debug|x86.Build.0 = Debug|Any CPU
		{6A2E8766-A74D-4867-9B63-F32A7DD0921D}.Release|Any CPU.ActiveCfg = Release|Any CPU
		{6A2E8766-A74D-4867-9B63-F32A7DD0921D}.Release|Any CPU.Build.0 = Release|Any CPU
		{6A2E8766-A74D-4867-9B63-F32A7DD0921D}.Release|x64.ActiveCfg = Release|Any CPU
		{6A2E8766-A74D-4867-9B63-F32A7DD0921D}.Release|x64.Build.0 = Release|Any CPU
		{6A2E8766-A74D-4867-9B63-F32A7DD0921D}.Release|x86.ActiveCfg = Release|Any CPU
		{6A2E8766-A74D-4867-9B63-F32A7DD0921D}.Release|x86.Build.0 = Release|Any CPU
		{B5C786AD-505E-4D0B-BD15-676BF0FF21F4}.Debug|Any CPU.ActiveCfg = Debug|Any CPU
		{B5C786AD-505E-4D0B-BD15-676BF0FF21F4}.Debug|Any CPU.Build.0 = Debug|Any CPU
		{B5C786AD-505E-4D0B-BD15-676BF0FF21F4}.Debug|x64.ActiveCfg = Debug|Any CPU
		{B5C786AD-505E-4D0B-BD15-676BF0FF21F4}.Debug|x64.Build.0 = Debug|Any CPU
		{B5C786AD-505E-4D0B-BD15-676BF0FF21F4}.Debug|x86.ActiveCfg = Debug|Any CPU
		{B5C786AD-505E-4D0B-BD15-676BF0FF21F4}.Debug|x86.Build.0 = Debug|Any CPU
		{B5C786AD-505E-4D0B-BD15-676BF0FF21F4}.Release|Any CPU.ActiveCfg = Release|Any CPU
		{B5C786AD-505E-4D0B-BD15-676BF0FF21F4}.Release|Any CPU.Build.0 = Release|Any CPU
		{B5C786AD-505E-4D0B-BD15-676BF0FF21F4}.Release|x64.ActiveCfg = Release|Any CPU
		{B5C786AD-505E-4D0B-BD15-676BF0FF21F4}.Release|x64.Build.0 = Release|Any CPU
		{B5C786AD-505E-4D0B-BD15-676BF0FF21F4}.Release|x86.ActiveCfg = Release|Any CPU
		{B5C786AD-505E-4D0B-BD15-676BF0FF21F4}.Release|x86.Build.0 = Release|Any CPU
		{84CC59A6-285A-49B5-A75F-2EF45AB7E3C2}.Debug|Any CPU.ActiveCfg = Debug|Any CPU
		{84CC59A6-285A-49B5-A75F-2EF45AB7E3C2}.Debug|Any CPU.Build.0 = Debug|Any CPU
		{84CC59A6-285A-49B5-A75F-2EF45AB7E3C2}.Debug|x64.ActiveCfg = Debug|Any CPU
		{84CC59A6-285A-49B5-A75F-2EF45AB7E3C2}.Debug|x64.Build.0 = Debug|Any CPU
		{84CC59A6-285A-49B5-A75F-2EF45AB7E3C2}.Debug|x86.ActiveCfg = Debug|Any CPU
		{84CC59A6-285A-49B5-A75F-2EF45AB7E3C2}.Debug|x86.Build.0 = Debug|Any CPU
		{84CC59A6-285A-49B5-A75F-2EF45AB7E3C2}.Release|Any CPU.ActiveCfg = Release|Any CPU
		{84CC59A6-285A-49B5-A75F-2EF45AB7E3C2}.Release|Any CPU.Build.0 = Release|Any CPU
		{84CC59A6-285A-49B5-A75F-2EF45AB7E3C2}.Release|x64.ActiveCfg = Release|Any CPU
		{84CC59A6-285A-49B5-A75F-2EF45AB7E3C2}.Release|x64.Build.0 = Release|Any CPU
		{84CC59A6-285A-49B5-A75F-2EF45AB7E3C2}.Release|x86.ActiveCfg = Release|Any CPU
		{84CC59A6-285A-49B5-A75F-2EF45AB7E3C2}.Release|x86.Build.0 = Release|Any CPU
		{DEC5A758-3A2C-433A-BD37-2ED9BAF7996E}.Debug|Any CPU.ActiveCfg = Debug|Any CPU
		{DEC5A758-3A2C-433A-BD37-2ED9BAF7996E}.Debug|Any CPU.Build.0 = Debug|Any CPU
		{DEC5A758-3A2C-433A-BD37-2ED9BAF7996E}.Debug|x64.ActiveCfg = Debug|Any CPU
		{DEC5A758-3A2C-433A-BD37-2ED9BAF7996E}.Debug|x64.Build.0 = Debug|Any CPU
		{DEC5A758-3A2C-433A-BD37-2ED9BAF7996E}.Debug|x86.ActiveCfg = Debug|Any CPU
		{DEC5A758-3A2C-433A-BD37-2ED9BAF7996E}.Debug|x86.Build.0 = Debug|Any CPU
		{DEC5A758-3A2C-433A-BD37-2ED9BAF7996E}.Release|Any CPU.ActiveCfg = Release|Any CPU
		{DEC5A758-3A2C-433A-BD37-2ED9BAF7996E}.Release|Any CPU.Build.0 = Release|Any CPU
		{DEC5A758-3A2C-433A-BD37-2ED9BAF7996E}.Release|x64.ActiveCfg = Release|Any CPU
		{DEC5A758-3A2C-433A-BD37-2ED9BAF7996E}.Release|x64.Build.0 = Release|Any CPU
		{DEC5A758-3A2C-433A-BD37-2ED9BAF7996E}.Release|x86.ActiveCfg = Release|Any CPU
		{DEC5A758-3A2C-433A-BD37-2ED9BAF7996E}.Release|x86.Build.0 = Release|Any CPU
		{170A7A33-318A-45B1-8D20-CB122EA8D503}.Debug|Any CPU.ActiveCfg = Debug|Any CPU
		{170A7A33-318A-45B1-8D20-CB122EA8D503}.Debug|Any CPU.Build.0 = Debug|Any CPU
		{170A7A33-318A-45B1-8D20-CB122EA8D503}.Debug|x64.ActiveCfg = Debug|Any CPU
		{170A7A33-318A-45B1-8D20-CB122EA8D503}.Debug|x64.Build.0 = Debug|Any CPU
		{170A7A33-318A-45B1-8D20-CB122EA8D503}.Debug|x86.ActiveCfg = Debug|Any CPU
		{170A7A33-318A-45B1-8D20-CB122EA8D503}.Debug|x86.Build.0 = Debug|Any CPU
		{170A7A33-318A-45B1-8D20-CB122EA8D503}.Release|Any CPU.ActiveCfg = Release|Any CPU
		{170A7A33-318A-45B1-8D20-CB122EA8D503}.Release|Any CPU.Build.0 = Release|Any CPU
		{170A7A33-318A-45B1-8D20-CB122EA8D503}.Release|x64.ActiveCfg = Release|Any CPU
		{170A7A33-318A-45B1-8D20-CB122EA8D503}.Release|x64.Build.0 = Release|Any CPU
		{170A7A33-318A-45B1-8D20-CB122EA8D503}.Release|x86.ActiveCfg = Release|Any CPU
		{170A7A33-318A-45B1-8D20-CB122EA8D503}.Release|x86.Build.0 = Release|Any CPU
		{0180A1BA-29CC-4232-8D68-1DE2FD651685}.Debug|Any CPU.ActiveCfg = Debug|Any CPU
		{0180A1BA-29CC-4232-8D68-1DE2FD651685}.Debug|Any CPU.Build.0 = Debug|Any CPU
		{0180A1BA-29CC-4232-8D68-1DE2FD651685}.Debug|x64.ActiveCfg = Debug|Any CPU
		{0180A1BA-29CC-4232-8D68-1DE2FD651685}.Debug|x64.Build.0 = Debug|Any CPU
		{0180A1BA-29CC-4232-8D68-1DE2FD651685}.Debug|x86.ActiveCfg = Debug|Any CPU
		{0180A1BA-29CC-4232-8D68-1DE2FD651685}.Debug|x86.Build.0 = Debug|Any CPU
		{0180A1BA-29CC-4232-8D68-1DE2FD651685}.Release|Any CPU.ActiveCfg = Release|Any CPU
		{0180A1BA-29CC-4232-8D68-1DE2FD651685}.Release|Any CPU.Build.0 = Release|Any CPU
		{0180A1BA-29CC-4232-8D68-1DE2FD651685}.Release|x64.ActiveCfg = Release|Any CPU
		{0180A1BA-29CC-4232-8D68-1DE2FD651685}.Release|x64.Build.0 = Release|Any CPU
		{0180A1BA-29CC-4232-8D68-1DE2FD651685}.Release|x86.ActiveCfg = Release|Any CPU
		{0180A1BA-29CC-4232-8D68-1DE2FD651685}.Release|x86.Build.0 = Release|Any CPU
		{42A05290-5818-482C-96F4-6D89D9793FF9}.Debug|Any CPU.ActiveCfg = Debug|Any CPU
		{42A05290-5818-482C-96F4-6D89D9793FF9}.Debug|Any CPU.Build.0 = Debug|Any CPU
		{42A05290-5818-482C-96F4-6D89D9793FF9}.Debug|x64.ActiveCfg = Debug|Any CPU
		{42A05290-5818-482C-96F4-6D89D9793FF9}.Debug|x64.Build.0 = Debug|Any CPU
		{42A05290-5818-482C-96F4-6D89D9793FF9}.Debug|x86.ActiveCfg = Debug|Any CPU
		{42A05290-5818-482C-96F4-6D89D9793FF9}.Debug|x86.Build.0 = Debug|Any CPU
		{42A05290-5818-482C-96F4-6D89D9793FF9}.Release|Any CPU.ActiveCfg = Release|Any CPU
		{42A05290-5818-482C-96F4-6D89D9793FF9}.Release|Any CPU.Build.0 = Release|Any CPU
		{42A05290-5818-482C-96F4-6D89D9793FF9}.Release|x64.ActiveCfg = Release|Any CPU
		{42A05290-5818-482C-96F4-6D89D9793FF9}.Release|x64.Build.0 = Release|Any CPU
		{42A05290-5818-482C-96F4-6D89D9793FF9}.Release|x86.ActiveCfg = Release|Any CPU
		{42A05290-5818-482C-96F4-6D89D9793FF9}.Release|x86.Build.0 = Release|Any CPU
		{9200D81A-501F-4C5A-A294-A828264A9A71}.Debug|Any CPU.ActiveCfg = Debug|Any CPU
		{9200D81A-501F-4C5A-A294-A828264A9A71}.Debug|Any CPU.Build.0 = Debug|Any CPU
		{9200D81A-501F-4C5A-A294-A828264A9A71}.Debug|x64.ActiveCfg = Debug|Any CPU
		{9200D81A-501F-4C5A-A294-A828264A9A71}.Debug|x64.Build.0 = Debug|Any CPU
		{9200D81A-501F-4C5A-A294-A828264A9A71}.Debug|x86.ActiveCfg = Debug|Any CPU
		{9200D81A-501F-4C5A-A294-A828264A9A71}.Debug|x86.Build.0 = Debug|Any CPU
		{9200D81A-501F-4C5A-A294-A828264A9A71}.Release|Any CPU.ActiveCfg = Release|Any CPU
		{9200D81A-501F-4C5A-A294-A828264A9A71}.Release|Any CPU.Build.0 = Release|Any CPU
		{9200D81A-501F-4C5A-A294-A828264A9A71}.Release|x64.ActiveCfg = Release|Any CPU
		{9200D81A-501F-4C5A-A294-A828264A9A71}.Release|x64.Build.0 = Release|Any CPU
		{9200D81A-501F-4C5A-A294-A828264A9A71}.Release|x86.ActiveCfg = Release|Any CPU
		{9200D81A-501F-4C5A-A294-A828264A9A71}.Release|x86.Build.0 = Release|Any CPU
		{C6FD3A60-5E84-432E-884D-28319E677F1C}.Debug|Any CPU.ActiveCfg = Debug|Any CPU
		{C6FD3A60-5E84-432E-884D-28319E677F1C}.Debug|Any CPU.Build.0 = Debug|Any CPU
		{C6FD3A60-5E84-432E-884D-28319E677F1C}.Debug|x64.ActiveCfg = Debug|Any CPU
		{C6FD3A60-5E84-432E-884D-28319E677F1C}.Debug|x64.Build.0 = Debug|Any CPU
		{C6FD3A60-5E84-432E-884D-28319E677F1C}.Debug|x86.ActiveCfg = Debug|Any CPU
		{C6FD3A60-5E84-432E-884D-28319E677F1C}.Debug|x86.Build.0 = Debug|Any CPU
		{C6FD3A60-5E84-432E-884D-28319E677F1C}.Release|Any CPU.ActiveCfg = Release|Any CPU
		{C6FD3A60-5E84-432E-884D-28319E677F1C}.Release|Any CPU.Build.0 = Release|Any CPU
		{C6FD3A60-5E84-432E-884D-28319E677F1C}.Release|x64.ActiveCfg = Release|Any CPU
		{C6FD3A60-5E84-432E-884D-28319E677F1C}.Release|x64.Build.0 = Release|Any CPU
		{C6FD3A60-5E84-432E-884D-28319E677F1C}.Release|x86.ActiveCfg = Release|Any CPU
		{C6FD3A60-5E84-432E-884D-28319E677F1C}.Release|x86.Build.0 = Release|Any CPU
		{A046F15C-93C3-48C7-83EA-B77C58A7B66E}.Debug|Any CPU.ActiveCfg = Debug|Any CPU
		{A046F15C-93C3-48C7-83EA-B77C58A7B66E}.Debug|Any CPU.Build.0 = Debug|Any CPU
		{A046F15C-93C3-48C7-83EA-B77C58A7B66E}.Debug|x64.ActiveCfg = Debug|Any CPU
		{A046F15C-93C3-48C7-83EA-B77C58A7B66E}.Debug|x64.Build.0 = Debug|Any CPU
		{A046F15C-93C3-48C7-83EA-B77C58A7B66E}.Debug|x86.ActiveCfg = Debug|Any CPU
		{A046F15C-93C3-48C7-83EA-B77C58A7B66E}.Debug|x86.Build.0 = Debug|Any CPU
		{A046F15C-93C3-48C7-83EA-B77C58A7B66E}.Release|Any CPU.ActiveCfg = Release|Any CPU
		{A046F15C-93C3-48C7-83EA-B77C58A7B66E}.Release|Any CPU.Build.0 = Release|Any CPU
		{A046F15C-93C3-48C7-83EA-B77C58A7B66E}.Release|x64.ActiveCfg = Release|Any CPU
		{A046F15C-93C3-48C7-83EA-B77C58A7B66E}.Release|x64.Build.0 = Release|Any CPU
		{A046F15C-93C3-48C7-83EA-B77C58A7B66E}.Release|x86.ActiveCfg = Release|Any CPU
		{A046F15C-93C3-48C7-83EA-B77C58A7B66E}.Release|x86.Build.0 = Release|Any CPU
		{958B657F-64DF-4D53-84DD-3788A3A1EF06}.Debug|Any CPU.ActiveCfg = Debug|Any CPU
		{958B657F-64DF-4D53-84DD-3788A3A1EF06}.Debug|Any CPU.Build.0 = Debug|Any CPU
		{958B657F-64DF-4D53-84DD-3788A3A1EF06}.Debug|x64.ActiveCfg = Debug|Any CPU
		{958B657F-64DF-4D53-84DD-3788A3A1EF06}.Debug|x64.Build.0 = Debug|Any CPU
		{958B657F-64DF-4D53-84DD-3788A3A1EF06}.Debug|x86.ActiveCfg = Debug|Any CPU
		{958B657F-64DF-4D53-84DD-3788A3A1EF06}.Debug|x86.Build.0 = Debug|Any CPU
		{958B657F-64DF-4D53-84DD-3788A3A1EF06}.Release|Any CPU.ActiveCfg = Release|Any CPU
		{958B657F-64DF-4D53-84DD-3788A3A1EF06}.Release|Any CPU.Build.0 = Release|Any CPU
		{958B657F-64DF-4D53-84DD-3788A3A1EF06}.Release|x64.ActiveCfg = Release|Any CPU
		{958B657F-64DF-4D53-84DD-3788A3A1EF06}.Release|x64.Build.0 = Release|Any CPU
		{958B657F-64DF-4D53-84DD-3788A3A1EF06}.Release|x86.ActiveCfg = Release|Any CPU
		{958B657F-64DF-4D53-84DD-3788A3A1EF06}.Release|x86.Build.0 = Release|Any CPU
	EndGlobalSection
	GlobalSection(SolutionProperties) = preSolution
		HideSolutionNode = FALSE
	EndGlobalSection
	GlobalSection(NestedProjects) = preSolution
		{47298D3F-301B-472C-85BF-0A1A186744F2} = {827E0CD3-B72D-47B6-A68D-7590B98EB39B}
		{97092A5F-FA68-4099-AAC8-8F1472E41619} = {827E0CD3-B72D-47B6-A68D-7590B98EB39B}
		{217720D1-FF09-4AC5-B25C-E016D61B22AE} = {827E0CD3-B72D-47B6-A68D-7590B98EB39B}
		{6CAFED6B-8E7A-4AC4-84DC-7A2AA2C43891} = {827E0CD3-B72D-47B6-A68D-7590B98EB39B}
		{356CC608-8600-4D34-9BCB-E722E28B0318} = {827E0CD3-B72D-47B6-A68D-7590B98EB39B}
		{08CE57F8-667A-46FD-AA9C-96A286BBF247} = {827E0CD3-B72D-47B6-A68D-7590B98EB39B}
		{D896A0BC-0C3B-42D3-8C05-A4FA0CB4603A} = {827E0CD3-B72D-47B6-A68D-7590B98EB39B}
		{E9E4EFDE-F361-423D-80EC-1B3A181D2A73} = {827E0CD3-B72D-47B6-A68D-7590B98EB39B}
		{26902195-DC3C-4F87-86C2-EC49AF97AF32} = {827E0CD3-B72D-47B6-A68D-7590B98EB39B}
		{6A2E8766-A74D-4867-9B63-F32A7DD0921D} = {827E0CD3-B72D-47B6-A68D-7590B98EB39B}
		{B5C786AD-505E-4D0B-BD15-676BF0FF21F4} = {827E0CD3-B72D-47B6-A68D-7590B98EB39B}
		{84CC59A6-285A-49B5-A75F-2EF45AB7E3C2} = {827E0CD3-B72D-47B6-A68D-7590B98EB39B}
		{DEC5A758-3A2C-433A-BD37-2ED9BAF7996E} = {827E0CD3-B72D-47B6-A68D-7590B98EB39B}
		{170A7A33-318A-45B1-8D20-CB122EA8D503} = {827E0CD3-B72D-47B6-A68D-7590B98EB39B}
		{0180A1BA-29CC-4232-8D68-1DE2FD651685} = {827E0CD3-B72D-47B6-A68D-7590B98EB39B}
		{42A05290-5818-482C-96F4-6D89D9793FF9} = {0AB3BF05-4346-4AA6-1389-037BE0695223}
		{9200D81A-501F-4C5A-A294-A828264A9A71} = {0AB3BF05-4346-4AA6-1389-037BE0695223}
		{C6FD3A60-5E84-432E-884D-28319E677F1C} = {0AB3BF05-4346-4AA6-1389-037BE0695223}
		{A046F15C-93C3-48C7-83EA-B77C58A7B66E} = {0AB3BF05-4346-4AA6-1389-037BE0695223}
		{958B657F-64DF-4D53-84DD-3788A3A1EF06} = {0AB3BF05-4346-4AA6-1389-037BE0695223}
	EndGlobalSection
EndGlobal
